schema: '2.0'
stages:
  split:
    cmd: python src/train_test_split.py -i dataset/Crop_recommendation.csv -o dataset/split
    deps:
    - path: dataset/Crop_recommendation.csv
      md5: 87b3e90ba0a87d06348511cf28a416b9
      size: 147905
    - path: src/train_test_split.py
      md5: c2b43f0e45c0d99be39b5d50820e8208
      size: 1369
    outs:
    - path: dataset/split
      md5: 9e61a036f95a8aca8f4c7777e89be095.dir
      size: 135766
      nfiles: 5
  modelBuilder:
    cmd: python src/knn.py -i dataset/split -o models
    deps:
    - path: dataset/split
      md5: 9e61a036f95a8aca8f4c7777e89be095.dir
      size: 135766
      nfiles: 5
    - path: src/knn.py
      md5: 850934b048ac114de6fed5c249c397ec
      size: 953
    outs:
    - path: models
      md5: f32542bc25c62cb99d42a21ce0849f49.dir
      size: 130096
      nfiles: 2
  Evaluator:
    cmd: python src/evaluate.py -i dataset/split -m models
    deps:
    - path: dataset/split
      md5: 9e61a036f95a8aca8f4c7777e89be095.dir
      size: 135766
      nfiles: 5
    - path: models
      md5: f32542bc25c62cb99d42a21ce0849f49.dir
      size: 130096
      nfiles: 2
    - path: src/evaluate.py
      md5: 159adcc419fe7c97c48ac11f660f6e32
      size: 772
  Exploratory_Data_Analysis:
    cmd: python src/EDA.py -i dataset/Crop_recommendation.csv -o charts
    deps:
    - path: dataset/Crop_recommendation.csv
      md5: 87b3e90ba0a87d06348511cf28a416b9
      size: 147905
    - path: src/EDA.py
      md5: 9ed0c39b5d810ae2b04e362f21d04377
      size: 2372
    outs:
    - path: charts
      md5: 368a88925c0c308f0c9b6e082e8a1576.dir
      size: 2193606
      nfiles: 11
  Pull_Data:
    cmd: python src/get_data.py
    deps:
    - path: dataset/Crop_recommendation.csv
      md5: 87b3e90ba0a87d06348511cf28a416b9
      size: 147905
    - path: src/get_data.py
      md5: 1e76fab671806f43dbd29ef7342ef0bf
      size: 675
