schema: '2.0'
stages:
  Pull_Data:
    cmd: python src/get_data.py
    deps:
    - path: dataset/Crop_recommendation.csv
      md5: e56d68e86bfe1bc38136f1927b0741d7
      size: 150434
    - path: src/get_data.py
      md5: 93dea55d35e62c0e6436bc1d2133206c
      size: 676
  split:
    cmd: python src/train_test_split.py -i dataset/Crop_recommendation.csv -o dataset/split
    deps:
    - path: dataset/Crop_recommendation.csv
      md5: e56d68e86bfe1bc38136f1927b0741d7
      size: 150434
    - path: src/get_data.py
      md5: 93dea55d35e62c0e6436bc1d2133206c
      size: 676
    - path: src/train_test_split.py
      md5: c2b43f0e45c0d99be39b5d50820e8208
      size: 1369
    outs:
    - path: dataset/split
      md5: c8ace968e1fc7b744819c785b7f9a76a.dir
      size: 135703
      nfiles: 5
  modelBuilder:
    cmd: python src/model.py -i dataset/split -o models
    deps:
    - path: dataset/split
      md5: c8ace968e1fc7b744819c785b7f9a76a.dir
      size: 135703
      nfiles: 5
    - path: src/model.py
      md5: b9a08031bf26a4177537c208a86cf72c
      size: 959
    outs:
    - path: models
      md5: 1885b2b8323431f3a56b6ca40bdb7cc7.dir
      size: 130096
      nfiles: 2
  Evaluator:
    cmd: python src/evaluate.py -i dataset/split -m models
    deps:
    - path: dataset/split
      md5: c8ace968e1fc7b744819c785b7f9a76a.dir
      size: 135703
      nfiles: 5
    - path: models
      md5: 1885b2b8323431f3a56b6ca40bdb7cc7.dir
      size: 130096
      nfiles: 2
    - path: src/evaluate.py
      md5: 6d2a0271ac00ca746d263d2940a3365b
      size: 774
  Exploratory_Data_Analysis:
    cmd: python src/EDA.py -i dataset/Crop_recommendation.csv -o charts
    deps:
    - path: dataset/Crop_recommendation.csv
      md5: e56d68e86bfe1bc38136f1927b0741d7
      size: 150434
    - path: src/EDA.py
      md5: 9ed0c39b5d810ae2b04e362f21d04377
      size: 2372
    - path: src/get_data.py
      md5: 93dea55d35e62c0e6436bc1d2133206c
      size: 676
    outs:
    - path: charts
      md5: 4fe2fbc80f8c157baf6b6a2c9432b4b7.dir
      size: 2540386
      nfiles: 11
