schema: '2.0'
stages:
  split:
    cmd: python src/train_test_split.py -i dataset/Crop_recommendation.csv -o dataset/split
    deps:
    - path: dataset/Crop_recommendation.csv
      md5: 87b3e90ba0a87d06348511cf28a416b9
      size: 147905
    - path: src/get_data.py
      md5: 3045d9fa26c54d871d2bb0f131d92545
      size: 675
    - path: src/train_test_split.py
      md5: c2b43f0e45c0d99be39b5d50820e8208
      size: 1369
    outs:
    - path: dataset/split
      md5: 9e61a036f95a8aca8f4c7777e89be095.dir
      size: 135766
      nfiles: 5
  modelBuilder:
    cmd: python src/model.py -i dataset/split -o models
    deps:
    - path: dataset/split
      md5: 9e61a036f95a8aca8f4c7777e89be095.dir
      size: 135766
      nfiles: 5
    - path: src/model.py
      md5: b9a08031bf26a4177537c208a86cf72c
      size: 959
    outs:
    - path: models
      md5: 0f3b2ad15f512f2b768788bd04ce6fa6.dir
      size: 130096
      nfiles: 2
  Evaluator:
    cmd: python src/evaluate.py -i dataset/split -m models
    deps:
    - path: dataset/split
      md5: 9e61a036f95a8aca8f4c7777e89be095.dir
      size: 135766
      nfiles: 5
    - path: models
      md5: 0f3b2ad15f512f2b768788bd04ce6fa6.dir
      size: 130096
      nfiles: 2
    - path: src/evaluate.py
      md5: 6d2a0271ac00ca746d263d2940a3365b
      size: 774
  Exploratory_Data_Analysis:
    cmd: python src/EDA.py -i dataset/Crop_recommendation.csv -o charts
    deps:
    - path: dataset/Crop_recommendation.csv
      md5: 87b3e90ba0a87d06348511cf28a416b9
      size: 147905
    - path: src/EDA.py
      md5: 9ed0c39b5d810ae2b04e362f21d04377
      size: 2372
    - path: src/get_data.py
      md5: 3045d9fa26c54d871d2bb0f131d92545
      size: 675
    outs:
    - path: charts
      md5: de015669cefae190c7031d44609e5acc.dir
      size: 2194056
      nfiles: 11
  Pull_Data:
    cmd: python src/get_data.py
    deps:
    - path: src/get_data.py
      md5: 3045d9fa26c54d871d2bb0f131d92545
      size: 675
